
Microsoft Visual Studio Solution File, Format Version 12.00
# Visual Studio Version 16
VisualStudioVersion = 16.0.31019.35
MinimumVisualStudioVersion = 10.0.40219.1
Project("{FAE04EC0-301F-11D3-BF4B-00C04F79EFBC}") = "Task_1", "Task_1\Task_1.csproj", "{F2E0DE62-AA06-45DD-8A10-6D0B2E149FB6}"
EndProject
Project("{FAE04EC0-301F-11D3-BF4B-00C04F79EFBC}") = "Task_2", "Task_2\Task_2.csproj", "{21D51DE8-DDA7-41A1-AEAC-BC8F87D5FE96}"
EndProject
Project("{FAE04EC0-301F-11D3-BF4B-00C04F79EFBC}") = "Task_3", "Task_3\Task_3.csproj", "{A0614591-38D3-452D-AFB2-49E050D3FF0D}"
EndProject
Global
	GlobalSection(SolutionConfigurationPlatforms) = preSolution
		Debug|Any CPU = Debug|Any CPU
		Release|Any CPU = Release|Any CPU
	EndGlobalSection
	GlobalSection(ProjectConfigurationPlatforms) = postSolution
		{F2E0DE62-AA06-45DD-8A10-6D0B2E149FB6}.Debug|Any CPU.ActiveCfg = Debug|Any CPU
		{F2E0DE62-AA06-45DD-8A10-6D0B2E149FB6}.Debug|Any CPU.Build.0 = Debug|Any CPU
		{F2E0DE62-AA06-45DD-8A10-6D0B2E149FB6}.Release|Any CPU.ActiveCfg = Release|Any CPU
		{F2E0DE62-AA06-45DD-8A10-6D0B2E149FB6}.Release|Any CPU.Build.0 = Release|Any CPU
		{21D51DE8-DDA7-41A1-AEAC-BC8F87D5FE96}.Debug|Any CPU.ActiveCfg = Debug|Any CPU
		{21D51DE8-DDA7-41A1-AEAC-BC8F87D5FE96}.Debug|Any CPU.Build.0 = Debug|Any CPU
		{21D51DE8-DDA7-41A1-AEAC-BC8F87D5FE96}.Release|Any CPU.ActiveCfg = Release|Any CPU
		{21D51DE8-DDA7-41A1-AEAC-BC8F87D5FE96}.Release|Any CPU.Build.0 = Release|Any CPU
		{A0614591-38D3-452D-AFB2-49E050D3FF0D}.Debug|Any CPU.ActiveCfg = Debug|Any CPU
		{A0614591-38D3-452D-AFB2-49E050D3FF0D}.Debug|Any CPU.Build.0 = Debug|Any CPU
		{A0614591-38D3-452D-AFB2-49E050D3FF0D}.Release|Any CPU.ActiveCfg = Release|Any CPU
		{A0614591-38D3-452D-AFB2-49E050D3FF0D}.Release|Any CPU.Build.0 = Release|Any CPU
	EndGlobalSection
	GlobalSection(SolutionProperties) = preSolution
		HideSolutionNode = FALSE
	EndGlobalSection
	GlobalSection(ExtensibilityGlobals) = postSolution
		SolutionGuid = {4B77C79A-5737-451A-B5B9-96AFFA56062A}
	EndGlobalSection
EndGlobal
