
Microsoft Visual Studio Solution File, Format Version 12.00
# Visual Studio Version 16
VisualStudioVersion = 16.0.31105.61
MinimumVisualStudioVersion = 10.0.40219.1
Project("{FAE04EC0-301F-11D3-BF4B-00C04F79EFBC}") = "Task_1", "Task_1\Task_1.csproj", "{70924B6B-BDA3-4FA1-A609-32D3C631A713}"
EndProject
Project("{FAE04EC0-301F-11D3-BF4B-00C04F79EFBC}") = "Task_2", "Task_2\Task_2.csproj", "{BE5B7789-4EF9-40B8-9DA4-E7FF7146EDCB}"
EndProject
Project("{FAE04EC0-301F-11D3-BF4B-00C04F79EFBC}") = "Task_3", "Task_3\Task_3.csproj", "{1D1FB1C8-5377-4159-BB3E-DF32AF7CB588}"
EndProject
Global
	GlobalSection(SolutionConfigurationPlatforms) = preSolution
		Debug|Any CPU = Debug|Any CPU
		Release|Any CPU = Release|Any CPU
	EndGlobalSection
	GlobalSection(ProjectConfigurationPlatforms) = postSolution
		{70924B6B-BDA3-4FA1-A609-32D3C631A713}.Debug|Any CPU.ActiveCfg = Debug|Any CPU
		{70924B6B-BDA3-4FA1-A609-32D3C631A713}.Debug|Any CPU.Build.0 = Debug|Any CPU
		{70924B6B-BDA3-4FA1-A609-32D3C631A713}.Release|Any CPU.ActiveCfg = Release|Any CPU
		{70924B6B-BDA3-4FA1-A609-32D3C631A713}.Release|Any CPU.Build.0 = Release|Any CPU
		{BE5B7789-4EF9-40B8-9DA4-E7FF7146EDCB}.Debug|Any CPU.ActiveCfg = Debug|Any CPU
		{BE5B7789-4EF9-40B8-9DA4-E7FF7146EDCB}.Debug|Any CPU.Build.0 = Debug|Any CPU
		{BE5B7789-4EF9-40B8-9DA4-E7FF7146EDCB}.Release|Any CPU.ActiveCfg = Release|Any CPU
		{BE5B7789-4EF9-40B8-9DA4-E7FF7146EDCB}.Release|Any CPU.Build.0 = Release|Any CPU
		{1D1FB1C8-5377-4159-BB3E-DF32AF7CB588}.Debug|Any CPU.ActiveCfg = Debug|Any CPU
		{1D1FB1C8-5377-4159-BB3E-DF32AF7CB588}.Debug|Any CPU.Build.0 = Debug|Any CPU
		{1D1FB1C8-5377-4159-BB3E-DF32AF7CB588}.Release|Any CPU.ActiveCfg = Release|Any CPU
		{1D1FB1C8-5377-4159-BB3E-DF32AF7CB588}.Release|Any CPU.Build.0 = Release|Any CPU
	EndGlobalSection
	GlobalSection(SolutionProperties) = preSolution
		HideSolutionNode = FALSE
	EndGlobalSection
	GlobalSection(ExtensibilityGlobals) = postSolution
		SolutionGuid = {C4E9EF90-E496-45D4-A1F0-E15F673FB620}
	EndGlobalSection
EndGlobal
