
Microsoft Visual Studio Solution File, Format Version 12.00
# Visual Studio Version 16
VisualStudioVersion = 16.0.31005.135
MinimumVisualStudioVersion = 10.0.40219.1
Project("{FAE04EC0-301F-11D3-BF4B-00C04F79EFBC}") = "Task_1", "Home_work_1\Task_1.csproj", "{8AB1A9FC-F961-46B8-91B4-C7BF2B3D1FF7}"
EndProject
Project("{FAE04EC0-301F-11D3-BF4B-00C04F79EFBC}") = "Task_2", "Task_2\Task_2.csproj", "{64949BA5-4518-41A2-BB2A-FEADD5326F6B}"
EndProject
Project("{FAE04EC0-301F-11D3-BF4B-00C04F79EFBC}") = "Task_3", "Task3\Task_3.csproj", "{B06D7227-E9A9-4A5E-AA0D-ED1E79C432EA}"
EndProject
Project("{FAE04EC0-301F-11D3-BF4B-00C04F79EFBC}") = "Task_4", "Task_4\Task_4.csproj", "{8A8F01B7-4DC5-4428-BE15-B7EA7E806C0D}"
EndProject
Project("{FAE04EC0-301F-11D3-BF4B-00C04F79EFBC}") = "Task_5", "Task_5\Task_5.csproj", "{5C72DA66-551E-44C7-A647-5784DAE219C5}"
EndProject
Project("{FAE04EC0-301F-11D3-BF4B-00C04F79EFBC}") = "Task_6", "Task_6\Task_6.csproj", "{E04720F2-B453-45A6-965F-A724E1F613DE}"
EndProject
Project("{FAE04EC0-301F-11D3-BF4B-00C04F79EFBC}") = "Task_7", "Task_7\Task_7.csproj", "{61798A01-9834-467B-A6D8-334A9C0F927E}"
EndProject
Project("{FAE04EC0-301F-11D3-BF4B-00C04F79EFBC}") = "Task_8", "Task_8\Task_8.csproj", "{35DCC80C-F314-4E10-9793-9DB0B47C677E}"
EndProject
Project("{FAE04EC0-301F-11D3-BF4B-00C04F79EFBC}") = "Task_9", "Task_9\Task_9.csproj", "{B63B27FA-175B-486B-BC61-533786484DA4}"
EndProject
Global
	GlobalSection(SolutionConfigurationPlatforms) = preSolution
		Debug|Any CPU = Debug|Any CPU
		Release|Any CPU = Release|Any CPU
	EndGlobalSection
	GlobalSection(ProjectConfigurationPlatforms) = postSolution
		{8AB1A9FC-F961-46B8-91B4-C7BF2B3D1FF7}.Debug|Any CPU.ActiveCfg = Debug|Any CPU
		{8AB1A9FC-F961-46B8-91B4-C7BF2B3D1FF7}.Debug|Any CPU.Build.0 = Debug|Any CPU
		{8AB1A9FC-F961-46B8-91B4-C7BF2B3D1FF7}.Release|Any CPU.ActiveCfg = Release|Any CPU
		{8AB1A9FC-F961-46B8-91B4-C7BF2B3D1FF7}.Release|Any CPU.Build.0 = Release|Any CPU
		{64949BA5-4518-41A2-BB2A-FEADD5326F6B}.Debug|Any CPU.ActiveCfg = Debug|Any CPU
		{64949BA5-4518-41A2-BB2A-FEADD5326F6B}.Debug|Any CPU.Build.0 = Debug|Any CPU
		{64949BA5-4518-41A2-BB2A-FEADD5326F6B}.Release|Any CPU.ActiveCfg = Release|Any CPU
		{64949BA5-4518-41A2-BB2A-FEADD5326F6B}.Release|Any CPU.Build.0 = Release|Any CPU
		{B06D7227-E9A9-4A5E-AA0D-ED1E79C432EA}.Debug|Any CPU.ActiveCfg = Debug|Any CPU
		{B06D7227-E9A9-4A5E-AA0D-ED1E79C432EA}.Debug|Any CPU.Build.0 = Debug|Any CPU
		{B06D7227-E9A9-4A5E-AA0D-ED1E79C432EA}.Release|Any CPU.ActiveCfg = Release|Any CPU
		{B06D7227-E9A9-4A5E-AA0D-ED1E79C432EA}.Release|Any CPU.Build.0 = Release|Any CPU
		{8A8F01B7-4DC5-4428-BE15-B7EA7E806C0D}.Debug|Any CPU.ActiveCfg = Debug|Any CPU
		{8A8F01B7-4DC5-4428-BE15-B7EA7E806C0D}.Debug|Any CPU.Build.0 = Debug|Any CPU
		{8A8F01B7-4DC5-4428-BE15-B7EA7E806C0D}.Release|Any CPU.ActiveCfg = Release|Any CPU
		{8A8F01B7-4DC5-4428-BE15-B7EA7E806C0D}.Release|Any CPU.Build.0 = Release|Any CPU
		{5C72DA66-551E-44C7-A647-5784DAE219C5}.Debug|Any CPU.ActiveCfg = Debug|Any CPU
		{5C72DA66-551E-44C7-A647-5784DAE219C5}.Debug|Any CPU.Build.0 = Debug|Any CPU
		{5C72DA66-551E-44C7-A647-5784DAE219C5}.Release|Any CPU.ActiveCfg = Release|Any CPU
		{5C72DA66-551E-44C7-A647-5784DAE219C5}.Release|Any CPU.Build.0 = Release|Any CPU
		{E04720F2-B453-45A6-965F-A724E1F613DE}.Debug|Any CPU.ActiveCfg = Debug|Any CPU
		{E04720F2-B453-45A6-965F-A724E1F613DE}.Debug|Any CPU.Build.0 = Debug|Any CPU
		{E04720F2-B453-45A6-965F-A724E1F613DE}.Release|Any CPU.ActiveCfg = Release|Any CPU
		{E04720F2-B453-45A6-965F-A724E1F613DE}.Release|Any CPU.Build.0 = Release|Any CPU
		{61798A01-9834-467B-A6D8-334A9C0F927E}.Debug|Any CPU.ActiveCfg = Debug|Any CPU
		{61798A01-9834-467B-A6D8-334A9C0F927E}.Debug|Any CPU.Build.0 = Debug|Any CPU
		{61798A01-9834-467B-A6D8-334A9C0F927E}.Release|Any CPU.ActiveCfg = Release|Any CPU
		{61798A01-9834-467B-A6D8-334A9C0F927E}.Release|Any CPU.Build.0 = Release|Any CPU
		{35DCC80C-F314-4E10-9793-9DB0B47C677E}.Debug|Any CPU.ActiveCfg = Debug|Any CPU
		{35DCC80C-F314-4E10-9793-9DB0B47C677E}.Debug|Any CPU.Build.0 = Debug|Any CPU
		{35DCC80C-F314-4E10-9793-9DB0B47C677E}.Release|Any CPU.ActiveCfg = Release|Any CPU
		{35DCC80C-F314-4E10-9793-9DB0B47C677E}.Release|Any CPU.Build.0 = Release|Any CPU
		{B63B27FA-175B-486B-BC61-533786484DA4}.Debug|Any CPU.ActiveCfg = Debug|Any CPU
		{B63B27FA-175B-486B-BC61-533786484DA4}.Debug|Any CPU.Build.0 = Debug|Any CPU
		{B63B27FA-175B-486B-BC61-533786484DA4}.Release|Any CPU.ActiveCfg = Release|Any CPU
		{B63B27FA-175B-486B-BC61-533786484DA4}.Release|Any CPU.Build.0 = Release|Any CPU
	EndGlobalSection
	GlobalSection(SolutionProperties) = preSolution
		HideSolutionNode = FALSE
	EndGlobalSection
	GlobalSection(ExtensibilityGlobals) = postSolution
		SolutionGuid = {BDED08EF-5091-4285-8F63-4D722129FFD3}
	EndGlobalSection
EndGlobal
