
Microsoft Visual Studio Solution File, Format Version 12.00
# Visual Studio Version 16
VisualStudioVersion = 16.0.31005.135
MinimumVisualStudioVersion = 10.0.40219.1
Project("{FAE04EC0-301F-11D3-BF4B-00C04F79EFBC}") = "Task_1", "Chapter_3\Task_1.csproj", "{8E62178E-9158-4911-A4D3-17CE0E4608CD}"
EndProject
Project("{FAE04EC0-301F-11D3-BF4B-00C04F79EFBC}") = "Task_2", "Task_2\Task_2.csproj", "{05B20203-1FB4-4828-BAB7-F683947741D9}"
EndProject
Project("{FAE04EC0-301F-11D3-BF4B-00C04F79EFBC}") = "Task_3", "Task_3\Task_3.csproj", "{8EC696A2-5FD9-40A0-8669-D69D2368C00F}"
EndProject
Project("{FAE04EC0-301F-11D3-BF4B-00C04F79EFBC}") = "Task_4", "Task_4\Task_4.csproj", "{76E6986F-DF31-496A-9AF9-0B320895E016}"
EndProject
Project("{FAE04EC0-301F-11D3-BF4B-00C04F79EFBC}") = "Task_5", "Task_5\Task_5.csproj", "{69A8B94A-FCE1-48CF-A2A3-D71B3CB2616B}"
EndProject
Project("{FAE04EC0-301F-11D3-BF4B-00C04F79EFBC}") = "Task_6", "Task_6\Task_6.csproj", "{C927B754-0AB4-48D4-9ED7-F5D255123BDC}"
EndProject
Global
	GlobalSection(SolutionConfigurationPlatforms) = preSolution
		Debug|Any CPU = Debug|Any CPU
		Release|Any CPU = Release|Any CPU
	EndGlobalSection
	GlobalSection(ProjectConfigurationPlatforms) = postSolution
		{8E62178E-9158-4911-A4D3-17CE0E4608CD}.Debug|Any CPU.ActiveCfg = Debug|Any CPU
		{8E62178E-9158-4911-A4D3-17CE0E4608CD}.Debug|Any CPU.Build.0 = Debug|Any CPU
		{8E62178E-9158-4911-A4D3-17CE0E4608CD}.Release|Any CPU.ActiveCfg = Release|Any CPU
		{8E62178E-9158-4911-A4D3-17CE0E4608CD}.Release|Any CPU.Build.0 = Release|Any CPU
		{05B20203-1FB4-4828-BAB7-F683947741D9}.Debug|Any CPU.ActiveCfg = Debug|Any CPU
		{05B20203-1FB4-4828-BAB7-F683947741D9}.Debug|Any CPU.Build.0 = Debug|Any CPU
		{05B20203-1FB4-4828-BAB7-F683947741D9}.Release|Any CPU.ActiveCfg = Release|Any CPU
		{05B20203-1FB4-4828-BAB7-F683947741D9}.Release|Any CPU.Build.0 = Release|Any CPU
		{8EC696A2-5FD9-40A0-8669-D69D2368C00F}.Debug|Any CPU.ActiveCfg = Debug|Any CPU
		{8EC696A2-5FD9-40A0-8669-D69D2368C00F}.Debug|Any CPU.Build.0 = Debug|Any CPU
		{8EC696A2-5FD9-40A0-8669-D69D2368C00F}.Release|Any CPU.ActiveCfg = Release|Any CPU
		{8EC696A2-5FD9-40A0-8669-D69D2368C00F}.Release|Any CPU.Build.0 = Release|Any CPU
		{76E6986F-DF31-496A-9AF9-0B320895E016}.Debug|Any CPU.ActiveCfg = Debug|Any CPU
		{76E6986F-DF31-496A-9AF9-0B320895E016}.Debug|Any CPU.Build.0 = Debug|Any CPU
		{76E6986F-DF31-496A-9AF9-0B320895E016}.Release|Any CPU.ActiveCfg = Release|Any CPU
		{76E6986F-DF31-496A-9AF9-0B320895E016}.Release|Any CPU.Build.0 = Release|Any CPU
		{69A8B94A-FCE1-48CF-A2A3-D71B3CB2616B}.Debug|Any CPU.ActiveCfg = Debug|Any CPU
		{69A8B94A-FCE1-48CF-A2A3-D71B3CB2616B}.Debug|Any CPU.Build.0 = Debug|Any CPU
		{69A8B94A-FCE1-48CF-A2A3-D71B3CB2616B}.Release|Any CPU.ActiveCfg = Release|Any CPU
		{69A8B94A-FCE1-48CF-A2A3-D71B3CB2616B}.Release|Any CPU.Build.0 = Release|Any CPU
		{C927B754-0AB4-48D4-9ED7-F5D255123BDC}.Debug|Any CPU.ActiveCfg = Debug|Any CPU
		{C927B754-0AB4-48D4-9ED7-F5D255123BDC}.Debug|Any CPU.Build.0 = Debug|Any CPU
		{C927B754-0AB4-48D4-9ED7-F5D255123BDC}.Release|Any CPU.ActiveCfg = Release|Any CPU
		{C927B754-0AB4-48D4-9ED7-F5D255123BDC}.Release|Any CPU.Build.0 = Release|Any CPU
	EndGlobalSection
	GlobalSection(SolutionProperties) = preSolution
		HideSolutionNode = FALSE
	EndGlobalSection
	GlobalSection(ExtensibilityGlobals) = postSolution
		SolutionGuid = {87E48330-49A3-4BB3-B229-A2E57ACF6761}
	EndGlobalSection
EndGlobal
